// !$*UTF8*$!
{
	archiveVersion = 1;
	classes = {
	};
	objectVersion = 42;
	objects = {

/* Begin PBXBuildFile section */
		AF0237872F974A0C00F32DF6 /* sqlite3.h in Headers */ = {isa = PBXBuildFile; fileRef = AF0237852F974A0C00F32DF6 /* sqlite3.h */; };
		AF0237882F974A0C00F32DF6 /* sqlite3.c in Sources */ = {isa = PBXBuildFile; fileRef = AF0237862F974A0C00F32DF6 /* sqlite3.c */; };
		AF0237A72F974ADD00F32DF6 /* kdata2.h in Headers */ = {isa = PBXBuildFile; fileRef = AF0237A62F974ADD00F32DF6 /* kdata2.h */; };
		AF0237A92F974AE100F32DF6 /* kdata2.c in Sources */ = {isa = PBXBuildFile; fileRef = AF0237A82F974AE100F32DF6 /* kdata2.c */; };
		AF0237C42F974B8C00F32DF6 /* test.c in Sources */ = {isa = PBXBuildFile; fileRef = AF0237C32F974B8C00F32DF6 /* test.c */; };
		AF0237CC2F974BAC00F32DF6 /* libkdata2.a in Frameworks */ = {isa = PBXBuildFile; fileRef = AF02377E2F9749D500F32DF6 /* libkdata2.a */; };
		AF0237F32F974C8F00F32DF6 /* test.jpg in CopyFiles */ = {isa = PBXBuildFile; fileRef = AF0237F22F974C8F00F32DF6 /* test.jpg */; };
		AF05BB912F97826900707DA1 /* uuid4.h in Headers */ = {isa = PBXBuildFile; fileRef = AF05BB8D2F97826900707DA1 /* uuid4.h */; };
		AF05BB922F97826900707DA1 /* uuid4.c in Sources */ = {isa = PBXBuildFile; fileRef = AF05BB8E2F97826900707DA1 /* uuid4.c */; };
		AF05BB932F97826900707DA1 /* alloc.h in Headers */ = {isa = PBXBuildFile; fileRef = AF05BB8F2F97826900707DA1 /* alloc.h */; };
		AF05BB942F97826900707DA1 /* log.h in Headers */ = {isa = PBXBuildFile; fileRef = AF05BB902F97826900707DA1 /* log.h */; };
		AF05BB992F9782B800707DA1 /* alloc.h in Headers */ = {isa = PBXBuildFile; fileRef = AF05BB982F9782B800707DA1 /* alloc.h */; };
		AF05BB9C2F9782C000707DA1 /* cJSON.c in Sources */ = {isa = PBXBuildFile; fileRef = AF05BB9A2F9782C000707DA1 /* cJSON.c */; };
		AF05BB9D2F9782C000707DA1 /* cJSON.h in Headers */ = {isa = PBXBuildFile; fileRef = AF05BB9B2F9782C000707DA1 /* cJSON.h */; };
		AF05BBA22F9782D400707DA1 /* log.h in Headers */ = {isa = PBXBuildFile; fileRef = AF05BB9E2F9782D400707DA1 /* log.h */; };
		AF05BBA32F9782D400707DA1 /* str.h in Headers */ = {isa = PBXBuildFile; fileRef = AF05BB9F2F9782D400707DA1 /* str.h */; };
		AF05BBAE2F97834E00707DA1 /* cYandexDisk.c in Sources */ = {isa = PBXBuildFile; fileRef = AF05BBAC2F97834E00707DA1 /* cYandexDisk.c */; };
		AF05BBAF2F97834E00707DA1 /* cYandexDisk.h in Headers */ = {isa = PBXBuildFile; fileRef = AF05BBAD2F97834E00707DA1 /* cYandexDisk.h */; };
		AF05BBB32F97835900707DA1 /* yandexdisk.h in Headers */ = {isa = PBXBuildFile; fileRef = AF05BBB02F97835900707DA1 /* yandexdisk.h */; };
		AF05BBB42F97835900707DA1 /* init.c in Sources */ = {isa = PBXBuildFile; fileRef = AF05BBB12F97835900707DA1 /* init.c */; };
		AF05BBD42F9786D300707DA1 /* upload.c in Sources */ = {isa = PBXBuildFile; fileRef = AF05BBD32F9786D300707DA1 /* upload.c */; };
		AF05BBDE2F97879800707DA1 /* internal.h in Headers */ = {isa = PBXBuildFile; fileRef = AF05BBDD2F97879800707DA1 /* internal.h */; };
		AF05BCD52F9797CE00707DA1 /* libcurl.dylib in Frameworks */ = {isa = PBXBuildFile; fileRef = AF05BCD42F9797CE00707DA1 /* libcurl.dylib */; };
		AF05BDF82F97A81100707DA1 /* base64.h in Headers */ = {isa = PBXBuildFile; fileRef = AF05BDF72F97A81100707DA1 /* base64.h */; };
/* End PBXBuildFile section */

/* Begin PBXContainerItemProxy section */
		AF0237BE2F974B7C00F32DF6 /* PBXContainerItemProxy */ = {
			isa = PBXContainerItemProxy;
			containerPortal = AF02376A2F97492C00F32DF6 /* Project object */;
			proxyType = 1;
			remoteGlobalIDString = AF02377D2F9749D500F32DF6;
			remoteInfo = kdata2;
		};
/* End PBXContainerItemProxy section */

/* Begin PBXCopyFilesBuildPhase section */
		AF0237D52F974BF900F32DF6 /* CopyFiles */ = {
			isa = PBXCopyFilesBuildPhase;
			buildActionMask = 2147483647;
			dstPath = "";
			dstSubfolderSpec = 6;
			files = (
				AF0237F32F974C8F00F32DF6 /* test.jpg in CopyFiles */,
			);
			runOnlyForDeploymentPostprocessing = 0;
		};
/* End PBXCopyFilesBuildPhase section */

/* Begin PBXFileReference section */
		AF02377E2F9749D500F32DF6 /* libkdata2.a */ = {isa = PBXFileReference; explicitFileType = archive.ar; includeInIndex = 0; path = libkdata2.a; sourceTree = BUILT_PRODUCTS_DIR; };
		AF0237852F974A0C00F32DF6 /* sqlite3.h */ = {isa = PBXFileReference; fileEncoding = 4; lastKnownFileType = sourcecode.c.h; name = sqlite3.h; path = sqlite3/sqlite3.h; sourceTree = "<group>"; };
		AF0237862F974A0C00F32DF6 /* sqlite3.c */ = {isa = PBXFileReference; fileEncoding = 4; lastKnownFileType = sourcecode.c.c; name = sqlite3.c; path = sqlite3/sqlite3.c; sourceTree = "<group>"; };
		AF0237A62F974ADD00F32DF6 /* kdata2.h */ = {isa = PBXFileReference; fileEncoding = 4; lastKnownFileType = sourcecode.c.h; path = kdata2.h; sourceTree = "<group>"; };
		AF0237A82F974AE100F32DF6 /* kdata2.c */ = {isa = PBXFileReference; fileEncoding = 4; lastKnownFileType = sourcecode.c.c; path = kdata2.c; sourceTree = "<group>"; };
		AF0237BC2F974B6F00F32DF6 /* kdata2_test */ = {isa = PBXFileReference; explicitFileType = "compiled.mach-o.executable"; includeInIndex = 0; path = kdata2_test; sourceTree = BUILT_PRODUCTS_DIR; };
		AF0237C32F974B8C00F32DF6 /* test.c */ = {isa = PBXFileReference; fileEncoding = 4; lastKnownFileType = sourcecode.c.c; path = test.c; sourceTree = "<group>"; };
		AF0237F22F974C8F00F32DF6 /* test.jpg */ = {isa = PBXFileReference; lastKnownFileType = image.jpeg; path = test.jpg; sourceTree = "<group>"; };
		AF05BB8D2F97826900707DA1 /* uuid4.h */ = {isa = PBXFileReference; fileEncoding = 4; lastKnownFileType = sourcecode.c.h; path = uuid4.h; sourceTree = "<group>"; };
		AF05BB8E2F97826900707DA1 /* uuid4.c */ = {isa = PBXFileReference; fileEncoding = 4; lastKnownFileType = sourcecode.c.c; path = uuid4.c; sourceTree = "<group>"; };
		AF05BB8F2F97826900707DA1 /* alloc.h */ = {isa = PBXFileReference; fileEncoding = 4; lastKnownFileType = sourcecode.c.h; path = alloc.h; sourceTree = "<group>"; };
		AF05BB902F97826900707DA1 /* log.h */ = {isa = PBXFileReference; fileEncoding = 4; lastKnownFileType = sourcecode.c.h; path = log.h; sourceTree = "<group>"; };
		AF05BB982F9782B800707DA1 /* alloc.h */ = {isa = PBXFileReference; fileEncoding = 4; lastKnownFileType = sourcecode.c.h; name = alloc.h; path = modules/yandexdisk/cYandexDisk/alloc.h; sourceTree = "<group>"; };
		AF05BB9A2F9782C000707DA1 /* cJSON.c */ = {isa = PBXFileReference; fileEncoding = 4; lastKnownFileType = sourcecode.c.c; name = cJSON.c; path = modules/yandexdisk/cYandexDisk/cJSON.c; sourceTree = "<group>"; };
		AF05BB9B2F9782C000707DA1 /* cJSON.h */ = {isa = PBXFileReference; fileEncoding = 4; lastKnownFileType = sourcecode.c.h; name = cJSON.h; path = modules/yandexdisk/cYandexDisk/cJSON.h; sourceTree = "<group>"; };
		AF05BB9E2F9782D400707DA1 /* log.h */ = {isa = PBXFileReference; fileEncoding = 4; lastKnownFileType = sourcecode.c.h; name = log.h; path = modules/yandexdisk/cYandexDisk/log.h; sourceTree = "<group>"; };
		AF05BB9F2F9782D400707DA1 /* str.h */ = {isa = PBXFileReference; fileEncoding = 4; lastKnownFileType = sourcecode.c.h; name = str.h; path = modules/yandexdisk/cYandexDisk/str.h; sourceTree = "<group>"; };
		AF05BBAC2F97834E00707DA1 /* cYandexDisk.c */ = {isa = PBXFileReference; fileEncoding = 4; lastKnownFileType = sourcecode.c.c; name = cYandexDisk.c; path = modules/yandexdisk/cYandexDisk/cYandexDisk.c; sourceTree = "<group>"; };
		AF05BBAD2F97834E00707DA1 /* cYandexDisk.h */ = {isa = PBXFileReference; fileEncoding = 4; lastKnownFileType = sourcecode.c.h; name = cYandexDisk.h; path = modules/yandexdisk/cYandexDisk/cYandexDisk.h; sourceTree = "<group>"; };
		AF05BBB02F97835900707DA1 /* yandexdisk.h */ = {isa = PBXFileReference; fileEncoding = 4; lastKnownFileType = sourcecode.c.h; name = yandexdisk.h; path = modules/yandexdisk/yandexdisk.h; sourceTree = "<group>"; };
		AF05BBB12F97835900707DA1 /* init.c */ = {isa = PBXFileReference; fileEncoding = 4; lastKnownFileType = sourcecode.c.c; name = init.c; path = modules/yandexdisk/init.c; sourceTree = "<group>"; };
		AF05BBD32F9786D300707DA1 /* upload.c */ = {isa = PBXFileReference; fileEncoding = 4; lastKnownFileType = sourcecode.c.c; name = upload.c; path = modules/yandexdisk/upload.c; sourceTree = "<group>"; };
		AF05BBDD2F97879800707DA1 /* internal.h */ = {isa = PBXFileReference; fileEncoding = 4; lastKnownFileType = sourcecode.c.h; name = internal.h; path = modules/yandexdisk/internal.h; sourceTree = "<group>"; };
		AF05BCD42F9797CE00707DA1 /* libcurl.dylib */ = {isa = PBXFileReference; lastKnownFileType = "compiled.mach-o.dylib"; name = libcurl.dylib; path = /usr/lib/libcurl.dylib; sourceTree = "<absolute>"; };
		AF05BDF72F97A81100707DA1 /* base64.h */ = {isa = PBXFileReference; fileEncoding = 4; lastKnownFileType = sourcecode.c.h; name = base64.h; path = modules/yandexdisk/base64.h; sourceTree = "<group>"; };
/* End PBXFileReference section */

/* Begin PBXFrameworksBuildPhase section */
		AF02377C2F9749D500F32DF6 /* Frameworks */ = {
			isa = PBXFrameworksBuildPhase;
			buildActionMask = 2147483647;
			files = (
			);
			runOnlyForDeploymentPostprocessing = 0;
		};
		AF0237BA2F974B6F00F32DF6 /* Frameworks */ = {
			isa = PBXFrameworksBuildPhase;
			buildActionMask = 2147483647;
			files = (
				AF0237CC2F974BAC00F32DF6 /* libkdata2.a in Frameworks */,
				AF05BCD52F9797CE00707DA1 /* libcurl.dylib in Frameworks */,
			);
			runOnlyForDeploymentPostprocessing = 0;
		};
/* End PBXFrameworksBuildPhase section */

/* Begin PBXGroup section */
		AF0237682F97492C00F32DF6 = {
			isa = PBXGroup;
			children = (
				AF05BCD42F9797CE00707DA1 /* libcurl.dylib */,
				AF05BB972F97828C00707DA1 /* yandexdisk */,
				AF0237842F9749F300F32DF6 /* sqlite3 */,
				AF0237A62F974ADD00F32DF6 /* kdata2.h */,
				AF0237A82F974AE100F32DF6 /* kdata2.c */,
				AF05BB8D2F97826900707DA1 /* uuid4.h */,
				AF05BB8E2F97826900707DA1 /* uuid4.c */,
				AF05BB8F2F97826900707DA1 /* alloc.h */,
				AF05BB902F97826900707DA1 /* log.h */,
				AF0237C32F974B8C00F32DF6 /* test.c */,
				AF0237F22F974C8F00F32DF6 /* test.jpg */,
				AF02377F2F9749D500F32DF6 /* Products */,
			);
			sourceTree = "<group>";
		};
		AF02377F2F9749D500F32DF6 /* Products */ = {
			isa = PBXGroup;
			children = (
				AF02377E2F9749D500F32DF6 /* libkdata2.a */,
				AF0237BC2F974B6F00F32DF6 /* kdata2_test */,
			);
			name = Products;
			sourceTree = "<group>";
		};
		AF0237842F9749F300F32DF6 /* sqlite3 */ = {
			isa = PBXGroup;
			children = (
				AF0237852F974A0C00F32DF6 /* sqlite3.h */,
				AF0237862F974A0C00F32DF6 /* sqlite3.c */,
			);
			name = sqlite3;
			sourceTree = "<group>";
		};
		AF05BB972F97828C00707DA1 /* yandexdisk */ = {
			isa = PBXGroup;
			children = (
				AF05BB982F9782B800707DA1 /* alloc.h */,
				AF05BB9A2F9782C000707DA1 /* cJSON.c */,
				AF05BB9B2F9782C000707DA1 /* cJSON.h */,
				AF05BB9E2F9782D400707DA1 /* log.h */,
				AF05BB9F2F9782D400707DA1 /* str.h */,
				AF05BBAC2F97834E00707DA1 /* cYandexDisk.c */,
				AF05BBAD2F97834E00707DA1 /* cYandexDisk.h */,
				AF05BBB02F97835900707DA1 /* yandexdisk.h */,
				AF05BBB12F97835900707DA1 /* init.c */,
				AF05BBD32F9786D300707DA1 /* upload.c */,
				AF05BBDD2F97879800707DA1 /* internal.h */,
				AF05BDF72F97A81100707DA1 /* base64.h */,
			);
			name = yandexdisk;
			sourceTree = "<group>";
		};
/* End PBXGroup section */

/* Begin PBXHeadersBuildPhase section */
		AF02377A2F9749D500F32DF6 /* Headers */ = {
			isa = PBXHeadersBuildPhase;
			buildActionMask = 2147483647;
			files = (
				AF0237872F974A0C00F32DF6 /* sqlite3.h in Headers */,
				AF0237A72F974ADD00F32DF6 /* kdata2.h in Headers */,
				AF05BB912F97826900707DA1 /* uuid4.h in Headers */,
				AF05BB932F97826900707DA1 /* alloc.h in Headers */,
				AF05BB942F97826900707DA1 /* log.h in Headers */,
				AF05BB992F9782B800707DA1 /* alloc.h in Headers */,
				AF05BB9D2F9782C000707DA1 /* cJSON.h in Headers */,
				AF05BBA22F9782D400707DA1 /* log.h in Headers */,
				AF05BBA32F9782D400707DA1 /* str.h in Headers */,
				AF05BBAF2F97834E00707DA1 /* cYandexDisk.h in Headers */,
				AF05BBB32F97835900707DA1 /* yandexdisk.h in Headers */,
				AF05BBDE2F97879800707DA1 /* internal.h in Headers */,
				AF05BDF82F97A81100707DA1 /* base64.h in Headers */,
			);
			runOnlyForDeploymentPostprocessing = 0;
		};
/* End PBXHeadersBuildPhase section */

/* Begin PBXNativeTarget section */
		AF02377D2F9749D500F32DF6 /* kdata2 */ = {
			isa = PBXNativeTarget;
			buildConfigurationList = AF0237802F9749D500F32DF6 /* Build configuration list for PBXNativeTarget "kdata2" */;
			buildPhases = (
				AF02377A2F9749D500F32DF6 /* Headers */,
				AF02377B2F9749D500F32DF6 /* Sources */,
				AF02377C2F9749D500F32DF6 /* Frameworks */,
			);
			buildRules = (
			);
			dependencies = (
			);
			name = kdata2;
			productName = kdata2;
			productReference = AF02377E2F9749D500F32DF6 /* libkdata2.a */;
			productType = "com.apple.product-type.library.static";
		};
		AF0237BB2F974B6F00F32DF6 /* kdata2_test */ = {
			isa = PBXNativeTarget;
			buildConfigurationList = AF0237C02F974B8500F32DF6 /* Build configuration list for PBXNativeTarget "kdata2_test" */;
			buildPhases = (
				AF0237B92F974B6F00F32DF6 /* Sources */,
				AF0237BA2F974B6F00F32DF6 /* Frameworks */,
				AF0237D52F974BF900F32DF6 /* CopyFiles */,
			);
			buildRules = (
			);
			dependencies = (
				AF0237BF2F974B7C00F32DF6 /* PBXTargetDependency */,
			);
			name = kdata2_test;
			productName = kdata2_test;
			productReference = AF0237BC2F974B6F00F32DF6 /* kdata2_test */;
			productType = "com.apple.product-type.tool";
		};
/* End PBXNativeTarget section */

/* Begin PBXProject section */
		AF02376A2F97492C00F32DF6 /* Project object */ = {
			isa = PBXProject;
			buildConfigurationList = AF02376B2F97492C00F32DF6 /* Build configuration list for PBXProject "kdata2" */;
			hasScannedForEncodings = 0;
			mainGroup = AF0237682F97492C00F32DF6;
			productRefGroup = AF02377F2F9749D500F32DF6 /* Products */;
			projectDirPath = "";
			targets = (
				AF02377D2F9749D500F32DF6 /* kdata2 */,
				AF0237BB2F974B6F00F32DF6 /* kdata2_test */,
			);
		};
/* End PBXProject section */

/* Begin PBXSourcesBuildPhase section */
		AF02377B2F9749D500F32DF6 /* Sources */ = {
			isa = PBXSourcesBuildPhase;
			buildActionMask = 2147483647;
			files = (
				AF0237882F974A0C00F32DF6 /* sqlite3.c in Sources */,
				AF0237A92F974AE100F32DF6 /* kdata2.c in Sources */,
				AF05BB922F97826900707DA1 /* uuid4.c in Sources */,
				AF05BB9C2F9782C000707DA1 /* cJSON.c in Sources */,
				AF05BBAE2F97834E00707DA1 /* cYandexDisk.c in Sources */,
				AF05BBB42F97835900707DA1 /* init.c in Sources */,
				AF05BBD42F9786D300707DA1 /* upload.c in Sources */,
			);
			runOnlyForDeploymentPostprocessing = 0;
		};
		AF0237B92F974B6F00F32DF6 /* Sources */ = {
			isa = PBXSourcesBuildPhase;
			buildActionMask = 2147483647;
			files = (
				AF0237C42F974B8C00F32DF6 /* test.c in Sources */,
			);
			runOnlyForDeploymentPostprocessing = 0;
		};
/* End PBXSourcesBuildPhase section */

/* Begin PBXTargetDependency section */
		AF0237BF2F974B7C00F32DF6 /* PBXTargetDependency */ = {
			isa = PBXTargetDependency;
			target = AF02377D2F9749D500F32DF6 /* kdata2 */;
			targetProxy = AF0237BE2F974B7C00F32DF6 /* PBXContainerItemProxy */;
		};
/* End PBXTargetDependency section */

/* Begin XCBuildConfiguration section */
		AF02376C2F97492C00F32DF6 /* Debug */ = {
			isa = XCBuildConfiguration;
			buildSettings = {
				COPY_PHASE_STRIP = NO;
			};
			name = Debug;
		};
		AF02376D2F97492C00F32DF6 /* Release */ = {
			isa = XCBuildConfiguration;
			buildSettings = {
				COPY_PHASE_STRIP = YES;
			};
			name = Release;
		};
		AF0237812F9749D500F32DF6 /* Debug */ = {
			isa = XCBuildConfiguration;
			buildSettings = {
				COPY_PHASE_STRIP = NO;
				GCC_DYNAMIC_NO_PIC = NO;
				GCC_ENABLE_FIX_AND_CONTINUE = YES;
				GCC_GENERATE_DEBUGGING_SYMBOLS = YES;
				GCC_MODEL_TUNING = G5;
				GCC_OPTIMIZATION_LEVEL = 0;
				INSTALL_PATH = /usr/local/lib;
				PREBINDING = NO;
				PRODUCT_NAME = kdata2;
				ZERO_LINK = YES;
			};
			name = Debug;
		};
		AF0237822F9749D500F32DF6 /* Release */ = {
			isa = XCBuildConfiguration;
			buildSettings = {
				COPY_PHASE_STRIP = YES;
				GCC_ENABLE_FIX_AND_CONTINUE = NO;
				GCC_GENERATE_DEBUGGING_SYMBOLS = NO;
				GCC_MODEL_TUNING = G5;
				INSTALL_PATH = /usr/local/lib;
				PREBINDING = NO;
				PRODUCT_NAME = kdata2;
				ZERO_LINK = NO;
			};
			name = Release;
		};
		AF0237C12F974B8500F32DF6 /* Debug */ = {
			isa = XCBuildConfiguration;
			buildSettings = {
				COPY_PHASE_STRIP = NO;
				GCC_DYNAMIC_NO_PIC = NO;
				GCC_ENABLE_FIX_AND_CONTINUE = YES;
				GCC_GENERATE_DEBUGGING_SYMBOLS = YES;
				GCC_MODEL_TUNING = G5;
				GCC_OPTIMIZATION_LEVEL = 0;
				INSTALL_PATH = "$(HOME)/bin";
				LIBRARY_SEARCH_PATHS = (
					"$(inherited)",
					"$(LIBRARY_SEARCH_PATHS_QUOTED_FOR_TARGET_1)",
				);
				LIBRARY_SEARCH_PATHS_QUOTED_FOR_TARGET_1 = "\"$(SRCROOT)/build/Debug\"";
				PREBINDING = NO;
				PRODUCT_NAME = kdata2_test;
				ZERO_LINK = YES;
			};
			name = Debug;
		};
		AF0237C22F974B8500F32DF6 /* Release */ = {
			isa = XCBuildConfiguration;
			buildSettings = {
				COPY_PHASE_STRIP = YES;
				GCC_ENABLE_FIX_AND_CONTINUE = NO;
				GCC_GENERATE_DEBUGGING_SYMBOLS = NO;
				GCC_MODEL_TUNING = G5;
				INSTALL_PATH = "$(HOME)/bin";
				LIBRARY_SEARCH_PATHS = (
					"$(inherited)",
					"$(LIBRARY_SEARCH_PATHS_QUOTED_FOR_TARGET_1)",
				);
				LIBRARY_SEARCH_PATHS_QUOTED_FOR_TARGET_1 = "\"$(SRCROOT)/build/Debug\"";
				PREBINDING = NO;
				PRODUCT_NAME = kdata2_test;
				ZERO_LINK = NO;
			};
			name = Release;
		};
/* End XCBuildConfiguration section */

/* Begin XCConfigurationList section */
		AF02376B2F97492C00F32DF6 /* Build configuration list for PBXProject "kdata2" */ = {
			isa = XCConfigurationList;
			buildConfigurations = (
				AF02376C2F97492C00F32DF6 /* Debug */,
				AF02376D2F97492C00F32DF6 /* Release */,
			);
			defaultConfigurationIsVisible = 0;
			defaultConfigurationName = Release;
		};
		AF0237802F9749D500F32DF6 /* Build configuration list for PBXNativeTarget "kdata2" */ = {
			isa = XCConfigurationList;
			buildConfigurations = (
				AF0237812F9749D500F32DF6 /* Debug */,
				AF0237822F9749D500F32DF6 /* Release */,
			);
			defaultConfigurationIsVisible = 0;
			defaultConfigurationName = Release;
		};
		AF0237C02F974B8500F32DF6 /* Build configuration list for PBXNativeTarget "kdata2_test" */ = {
			isa = XCConfigurationList;
			buildConfigurations = (
				AF0237C12F974B8500F32DF6 /* Debug */,
				AF0237C22F974B8500F32DF6 /* Release */,
			);
			defaultConfigurationIsVisible = 0;
			defaultConfigurationName = Release;
		};
/* End XCConfigurationList section */
	};
	rootObject = AF02376A2F97492C00F32DF6 /* Project object */;
}
